
Microsoft Visual Studio Solution File, Format Version 12.00
# Visual Studio Version 16
VisualStudioVersion = 25.0.1706.13
MinimumVisualStudioVersion = 10.0.40219.1
Project("{FAE04EC0-301F-11D3-BF4B-00C04F79EFBC}") = "MyConsoleApp", "MyConsoleApp.csproj", "{EC38D890-EC9A-4327-B583-C14CAFBCC8D2}"
EndProject
Project("{E53339B2-1760-4266-BCC7-CA923CBCF16C}") = "docker-compose", "docker-compose.dcproj", "{4C5CD5B2-A680-466A-AC44-B9F497541FCC}"
EndProject
Global
	GlobalSection(SolutionConfigurationPlatforms) = preSolution
		Debug|Any CPU = Debug|Any CPU
		Release|Any CPU = Release|Any CPU
	EndGlobalSection
	GlobalSection(ProjectConfigurationPlatforms) = postSolution
		{EC38D890-EC9A-4327-B583-C14CAFBCC8D2}.Debug|Any CPU.ActiveCfg = Debug|Any CPU
		{EC38D890-EC9A-4327-B583-C14CAFBCC8D2}.Debug|Any CPU.Build.0 = Debug|Any CPU
		{EC38D890-EC9A-4327-B583-C14CAFBCC8D2}.Release|Any CPU.ActiveCfg = Release|Any CPU
		{EC38D890-EC9A-4327-B583-C14CAFBCC8D2}.Release|Any CPU.Build.0 = Release|Any CPU
		{4C5CD5B2-A680-466A-AC44-B9F497541FCC}.Debug|Any CPU.ActiveCfg = Debug|Any CPU
		{4C5CD5B2-A680-466A-AC44-B9F497541FCC}.Debug|Any CPU.Build.0 = Debug|Any CPU
		{4C5CD5B2-A680-466A-AC44-B9F497541FCC}.Release|Any CPU.ActiveCfg = Release|Any CPU
		{4C5CD5B2-A680-466A-AC44-B9F497541FCC}.Release|Any CPU.Build.0 = Release|Any CPU
	EndGlobalSection
	GlobalSection(SolutionProperties) = preSolution
		HideSolutionNode = FALSE
	EndGlobalSection
	GlobalSection(ExtensibilityGlobals) = postSolution
		SolutionGuid = {DDBE6CB1-0BAD-4DB8-AC24-1F77F4F20B1F}
	EndGlobalSection
EndGlobal
